
Microsoft Visual Studio Solution File, Format Version 12.00
# Visual Studio 15
VisualStudioVersion = 15.0.27004.2010
MinimumVisualStudioVersion = 10.0.40219.1
Project("{FAE04EC0-301F-11D3-BF4B-00C04F79EFBC}") = "XangosAPITool", "XangosAPITool.csproj", "{89FB6254-C940-4925-87B5-0F6CBC370B44}"
EndProject
Project("{FAE04EC0-301F-11D3-BF4B-00C04F79EFBC}") = "JumpGate", "JumpGate\JumpGate.csproj", "{6DA15421-D0E5-40AE-85F5-2CA848653D1D}"
EndProject
Project("{FAE04EC0-301F-11D3-BF4B-00C04F79EFBC}") = "VirtualBackpack", "..\..\VirtualBackpack\XangosBackpack\VirtualBackpack.csproj", "{D0299488-0C40-4FA5-92B6-B6B9C583DADD}"
EndProject
Global
	GlobalSection(SolutionConfigurationPlatforms) = preSolution
		Debug|Any CPU = Debug|Any CPU
		Debug|x86 = Debug|x86
		Release|Any CPU = Release|Any CPU
		Release|x86 = Release|x86
	EndGlobalSection
	GlobalSection(ProjectConfigurationPlatforms) = postSolution
		{89FB6254-C940-4925-87B5-0F6CBC370B44}.Debug|Any CPU.ActiveCfg = Debug|Any CPU
		{89FB6254-C940-4925-87B5-0F6CBC370B44}.Debug|Any CPU.Build.0 = Debug|Any CPU
		{89FB6254-C940-4925-87B5-0F6CBC370B44}.Debug|x86.ActiveCfg = Debug|x86
		{89FB6254-C940-4925-87B5-0F6CBC370B44}.Debug|x86.Build.0 = Debug|x86
		{89FB6254-C940-4925-87B5-0F6CBC370B44}.Release|Any CPU.ActiveCfg = Release|Any CPU
		{89FB6254-C940-4925-87B5-0F6CBC370B44}.Release|Any CPU.Build.0 = Release|Any CPU
		{89FB6254-C940-4925-87B5-0F6CBC370B44}.Release|x86.ActiveCfg = Release|x86
		{89FB6254-C940-4925-87B5-0F6CBC370B44}.Release|x86.Build.0 = Release|x86
		{6DA15421-D0E5-40AE-85F5-2CA848653D1D}.Debug|Any CPU.ActiveCfg = Debug|Any CPU
		{6DA15421-D0E5-40AE-85F5-2CA848653D1D}.Debug|Any CPU.Build.0 = Debug|Any CPU
		{6DA15421-D0E5-40AE-85F5-2CA848653D1D}.Debug|x86.ActiveCfg = Debug|Any CPU
		{6DA15421-D0E5-40AE-85F5-2CA848653D1D}.Debug|x86.Build.0 = Debug|Any CPU
		{6DA15421-D0E5-40AE-85F5-2CA848653D1D}.Release|Any CPU.ActiveCfg = Release|Any CPU
		{6DA15421-D0E5-40AE-85F5-2CA848653D1D}.Release|Any CPU.Build.0 = Release|Any CPU
		{6DA15421-D0E5-40AE-85F5-2CA848653D1D}.Release|x86.ActiveCfg = Release|Any CPU
		{6DA15421-D0E5-40AE-85F5-2CA848653D1D}.Release|x86.Build.0 = Release|Any CPU
		{D0299488-0C40-4FA5-92B6-B6B9C583DADD}.Debug|Any CPU.ActiveCfg = Debug|Any CPU
		{D0299488-0C40-4FA5-92B6-B6B9C583DADD}.Debug|Any CPU.Build.0 = Debug|Any CPU
		{D0299488-0C40-4FA5-92B6-B6B9C583DADD}.Debug|x86.ActiveCfg = Debug|x86
		{D0299488-0C40-4FA5-92B6-B6B9C583DADD}.Debug|x86.Build.0 = Debug|x86
		{D0299488-0C40-4FA5-92B6-B6B9C583DADD}.Release|Any CPU.ActiveCfg = Release|Any CPU
		{D0299488-0C40-4FA5-92B6-B6B9C583DADD}.Release|Any CPU.Build.0 = Release|Any CPU
		{D0299488-0C40-4FA5-92B6-B6B9C583DADD}.Release|x86.ActiveCfg = Release|x86
		{D0299488-0C40-4FA5-92B6-B6B9C583DADD}.Release|x86.Build.0 = Release|x86
	EndGlobalSection
	GlobalSection(SolutionProperties) = preSolution
		HideSolutionNode = FALSE
	EndGlobalSection
	GlobalSection(ExtensibilityGlobals) = postSolution
		SolutionGuid = {B573FFB1-61A3-44B0-974C-574313C9647F}
	EndGlobalSection
EndGlobal
